
Microsoft Visual Studio Solution File, Format Version 12.00
# Visual Studio Version 17
VisualStudioVersion = 17.10.35027.167
MinimumVisualStudioVersion = 10.0.40219.1
Project("{FAE04EC0-301F-11D3-BF4B-00C04F79EFBC}") = "linq_ornek2", "linq_ornek2\linq_ornek2.csproj", "{CEC4955D-2EBD-4C3D-BABF-83F7083AA97A}"
EndProject
Global
	GlobalSection(SolutionConfigurationPlatforms) = preSolution
		Debug|Any CPU = Debug|Any CPU
		Release|Any CPU = Release|Any CPU
	EndGlobalSection
	GlobalSection(ProjectConfigurationPlatforms) = postSolution
		{CEC4955D-2EBD-4C3D-BABF-83F7083AA97A}.Debug|Any CPU.ActiveCfg = Debug|Any CPU
		{CEC4955D-2EBD-4C3D-BABF-83F7083AA97A}.Debug|Any CPU.Build.0 = Debug|Any CPU
		{CEC4955D-2EBD-4C3D-BABF-83F7083AA97A}.Release|Any CPU.ActiveCfg = Release|Any CPU
		{CEC4955D-2EBD-4C3D-BABF-83F7083AA97A}.Release|Any CPU.Build.0 = Release|Any CPU
	EndGlobalSection
	GlobalSection(SolutionProperties) = preSolution
		HideSolutionNode = FALSE
	EndGlobalSection
	GlobalSection(ExtensibilityGlobals) = postSolution
		SolutionGuid = {FDA169D9-6D11-4574-9615-C34F83057C6D}
	EndGlobalSection
EndGlobal
